
Microsoft Visual Studio Solution File, Format Version 12.00
# Visual Studio Version 16
VisualStudioVersion = 16.0.32630.194
MinimumVisualStudioVersion = 10.0.40219.1
Project("{FAE04EC0-301F-11D3-BF4B-00C04F79EFBC}") = "TestProject1", "TestProject1.csproj", "{A3BBC0E6-7C1C-45A2-A529-75C9FC2FA32A}"
EndProject
Global
	GlobalSection(SolutionConfigurationPlatforms) = preSolution
		Debug|Any CPU = Debug|Any CPU
		Release|Any CPU = Release|Any CPU
	EndGlobalSection
	GlobalSection(ProjectConfigurationPlatforms) = postSolution
		{A3BBC0E6-7C1C-45A2-A529-75C9FC2FA32A}.Debug|Any CPU.ActiveCfg = Debug|Any CPU
		{A3BBC0E6-7C1C-45A2-A529-75C9FC2FA32A}.Debug|Any CPU.Build.0 = Debug|Any CPU
		{A3BBC0E6-7C1C-45A2-A529-75C9FC2FA32A}.Release|Any CPU.ActiveCfg = Release|Any CPU
		{A3BBC0E6-7C1C-45A2-A529-75C9FC2FA32A}.Release|Any CPU.Build.0 = Release|Any CPU
	EndGlobalSection
	GlobalSection(SolutionProperties) = preSolution
		HideSolutionNode = FALSE
	EndGlobalSection
	GlobalSection(ExtensibilityGlobals) = postSolution
		SolutionGuid = {B27B158B-2F2B-48DC-8D2D-64015C9E9074}
	EndGlobalSection
EndGlobal
